// !$*UTF8*$!
{
	archiveVersion = 1;
	classes = {
	};
	objectVersion = 46;
	objects = {

/* Begin PBXBuildFile section */
		6C037574F562CE12674DD275 /* libPods-PennMapsTests.a in Frameworks */ = {isa = PBXBuildFile; fileRef = EF4EAC8E44D3C4AD474F2FA2 /* libPods-PennMapsTests.a */; };
		7161EC991CCAED9400FA2877 /* map.geojson in Resources */ = {isa = PBXBuildFile; fileRef = 7161EC981CCAED9400FA2877 /* map.geojson */; };
		71D4F4EC1CC95C2900BF0834 /* main.m in Sources */ = {isa = PBXBuildFile; fileRef = 71D4F4EB1CC95C2900BF0834 /* main.m */; };
		71D4F4EF1CC95C2900BF0834 /* AppDelegate.m in Sources */ = {isa = PBXBuildFile; fileRef = 71D4F4EE1CC95C2900BF0834 /* AppDelegate.m */; };
		71D4F4F21CC95C2900BF0834 /* MapViewController.m in Sources */ = {isa = PBXBuildFile; fileRef = 71D4F4F11CC95C2900BF0834 /* MapViewController.m */; };
		71D4F4F51CC95C2900BF0834 /* Main.storyboard in Resources */ = {isa = PBXBuildFile; fileRef = 71D4F4F31CC95C2900BF0834 /* Main.storyboard */; };
		71D4F4F71CC95C2900BF0834 /* Assets.xcassets in Resources */ = {isa = PBXBuildFile; fileRef = 71D4F4F61CC95C2900BF0834 /* Assets.xcassets */; };
		71D4F4FA1CC95C2900BF0834 /* LaunchScreen.storyboard in Resources */ = {isa = PBXBuildFile; fileRef = 71D4F4F81CC95C2900BF0834 /* LaunchScreen.storyboard */; };
		71D4F5051CC95C2900BF0834 /* PennMapsTests.m in Sources */ = {isa = PBXBuildFile; fileRef = 71D4F5041CC95C2900BF0834 /* PennMapsTests.m */; };
		71D4F5131CC95E0800BF0834 /* MapKit.framework in Frameworks */ = {isa = PBXBuildFile; fileRef = 71D4F5121CC95E0800BF0834 /* MapKit.framework */; };
		F96485085A2514510A415014 /* libPods-PennMaps.a in Frameworks */ = {isa = PBXBuildFile; fileRef = 35C29033368BA025D6F1A522 /* libPods-PennMaps.a */; };
/* End PBXBuildFile section */

/* Begin PBXContainerItemProxy section */
		71D4F5011CC95C2900BF0834 /* PBXContainerItemProxy */ = {
			isa = PBXContainerItemProxy;
			containerPortal = 71D4F4DF1CC95C2900BF0834 /* Project object */;
			proxyType = 1;
			remoteGlobalIDString = 71D4F4E61CC95C2900BF0834;
			remoteInfo = PennMaps;
		};
/* End PBXContainerItemProxy section */

/* Begin PBXFileReference section */
		35C29033368BA025D6F1A522 /* libPods-PennMaps.a */ = {isa = PBXFileReference; explicitFileType = archive.ar; includeInIndex = 0; path = "libPods-PennMaps.a"; sourceTree = BUILT_PRODUCTS_DIR; };
		7161EC981CCAED9400FA2877 /* map.geojson */ = {isa = PBXFileReference; fileEncoding = 4; lastKnownFileType = text; path = map.geojson; sourceTree = "<group>"; };
		71D4F4E71CC95C2900BF0834 /* PennMaps.app */ = {isa = PBXFileReference; explicitFileType = wrapper.application; includeInIndex = 0; path = PennMaps.app; sourceTree = BUILT_PRODUCTS_DIR; };
		71D4F4EB1CC95C2900BF0834 /* main.m */ = {isa = PBXFileReference; lastKnownFileType = sourcecode.c.objc; path = main.m; sourceTree = "<group>"; };
		71D4F4ED1CC95C2900BF0834 /* AppDelegate.h */ = {isa = PBXFileReference; lastKnownFileType = sourcecode.c.h; path = AppDelegate.h; sourceTree = "<group>"; };
		71D4F4EE1CC95C2900BF0834 /* AppDelegate.m */ = {isa = PBXFileReference; lastKnownFileType = sourcecode.c.objc; path = AppDelegate.m; sourceTree = "<group>"; };
		71D4F4F01CC95C2900BF0834 /* MapViewController.h */ = {isa = PBXFileReference; lastKnownFileType = sourcecode.c.h; path = MapViewController.h; sourceTree = "<group>"; };
		71D4F4F11CC95C2900BF0834 /* MapViewController.m */ = {isa = PBXFileReference; lastKnownFileType = sourcecode.c.objc; path = MapViewController.m; sourceTree = "<group>"; };
		71D4F4F41CC95C2900BF0834 /* Base */ = {isa = PBXFileReference; lastKnownFileType = file.storyboard; name = Base; path = Base.lproj/Main.storyboard; sourceTree = "<group>"; };
		71D4F4F61CC95C2900BF0834 /* Assets.xcassets */ = {isa = PBXFileReference; lastKnownFileType = folder.assetcatalog; path = Assets.xcassets; sourceTree = "<group>"; };
		71D4F4F91CC95C2900BF0834 /* Base */ = {isa = PBXFileReference; lastKnownFileType = file.storyboard; name = Base; path = Base.lproj/LaunchScreen.storyboard; sourceTree = "<group>"; };
		71D4F4FB1CC95C2900BF0834 /* Info.plist */ = {isa = PBXFileReference; lastKnownFileType = text.plist.xml; path = Info.plist; sourceTree = "<group>"; };
		71D4F5001CC95C2900BF0834 /* PennMapsTests.xctest */ = {isa = PBXFileReference; explicitFileType = wrapper.cfbundle; includeInIndex = 0; path = PennMapsTests.xctest; sourceTree = BUILT_PRODUCTS_DIR; };
		71D4F5041CC95C2900BF0834 /* PennMapsTests.m */ = {isa = PBXFileReference; lastKnownFileType = sourcecode.c.objc; path = PennMapsTests.m; sourceTree = "<group>"; };
		71D4F5061CC95C2900BF0834 /* Info.plist */ = {isa = PBXFileReference; lastKnownFileType = text.plist.xml; path = Info.plist; sourceTree = "<group>"; };
		71D4F5121CC95E0800BF0834 /* MapKit.framework */ = {isa = PBXFileReference; lastKnownFileType = wrapper.framework; name = MapKit.framework; path = System/Library/Frameworks/MapKit.framework; sourceTree = SDKROOT; };
		C57285EEC1234AE333D9534B /* Pods-PennMaps.release.xcconfig */ = {isa = PBXFileReference; includeInIndex = 1; lastKnownFileType = text.xcconfig; name = "Pods-PennMaps.release.xcconfig"; path = "Pods/Target Support Files/Pods-PennMaps/Pods-PennMaps.release.xcconfig"; sourceTree = "<group>"; };
		CC2788FC447AE17FF59BF73D /* Pods-PennMapsTests.release.xcconfig */ = {isa = PBXFileReference; includeInIndex = 1; lastKnownFileType = text.xcconfig; name = "Pods-PennMapsTests.release.xcconfig"; path = "Pods/Target Support Files/Pods-PennMapsTests/Pods-PennMapsTests.release.xcconfig"; sourceTree = "<group>"; };
		D0D693CF4EF21872779D3BDA /* Pods-PennMapsTests.debug.xcconfig */ = {isa = PBXFileReference; includeInIndex = 1; lastKnownFileType = text.xcconfig; name = "Pods-PennMapsTests.debug.xcconfig"; path = "Pods/Target Support Files/Pods-PennMapsTests/Pods-PennMapsTests.debug.xcconfig"; sourceTree = "<group>"; };
		EF4EAC8E44D3C4AD474F2FA2 /* libPods-PennMapsTests.a */ = {isa = PBXFileReference; explicitFileType = archive.ar; includeInIndex = 0; path = "libPods-PennMapsTests.a"; sourceTree = BUILT_PRODUCTS_DIR; };
		FF07CF5DBD2C0742CD597B86 /* Pods-PennMaps.debug.xcconfig */ = {isa = PBXFileReference; includeInIndex = 1; lastKnownFileType = text.xcconfig; name = "Pods-PennMaps.debug.xcconfig"; path = "Pods/Target Support Files/Pods-PennMaps/Pods-PennMaps.debug.xcconfig"; sourceTree = "<group>"; };
/* End PBXFileReference section */

/* Begin PBXFrameworksBuildPhase section */
		71D4F4E41CC95C2900BF0834 /* Frameworks */ = {
			isa = PBXFrameworksBuildPhase;
			buildActionMask = 2147483647;
			files = (
				71D4F5131CC95E0800BF0834 /* MapKit.framework in Frameworks */,
				F96485085A2514510A415014 /* libPods-PennMaps.a in Frameworks */,
			);
			runOnlyForDeploymentPostprocessing = 0;
		};
		71D4F4FD1CC95C2900BF0834 /* Frameworks */ = {
			isa = PBXFrameworksBuildPhase;
			buildActionMask = 2147483647;
			files = (
				6C037574F562CE12674DD275 /* libPods-PennMapsTests.a in Frameworks */,
			);
			runOnlyForDeploymentPostprocessing = 0;
		};
/* End PBXFrameworksBuildPhase section */

/* Begin PBXGroup section */
		5F4D219694BFDC8D01D9A57B /* Frameworks */ = {
			isa = PBXGroup;
			children = (
				35C29033368BA025D6F1A522 /* libPods-PennMaps.a */,
				EF4EAC8E44D3C4AD474F2FA2 /* libPods-PennMapsTests.a */,
			);
			name = Frameworks;
			sourceTree = "<group>";
		};
		71D4F4DE1CC95C2900BF0834 = {
			isa = PBXGroup;
			children = (
				71D4F5121CC95E0800BF0834 /* MapKit.framework */,
				71D4F4E91CC95C2900BF0834 /* PennMaps */,
				71D4F5031CC95C2900BF0834 /* PennMapsTests */,
				71D4F4E81CC95C2900BF0834 /* Products */,
				D844B1852A61A9F83A6E0A18 /* Pods */,
				5F4D219694BFDC8D01D9A57B /* Frameworks */,
			);
			sourceTree = "<group>";
		};
		71D4F4E81CC95C2900BF0834 /* Products */ = {
			isa = PBXGroup;
			children = (
				71D4F4E71CC95C2900BF0834 /* PennMaps.app */,
				71D4F5001CC95C2900BF0834 /* PennMapsTests.xctest */,
			);
			name = Products;
			sourceTree = "<group>";
		};
		71D4F4E91CC95C2900BF0834 /* PennMaps */ = {
			isa = PBXGroup;
			children = (
				71D4F50F1CC95C4200BF0834 /* Models */,
				71D4F5101CC95C4800BF0834 /* Views */,
				71D4F5111CC95C4D00BF0834 /* Controllers */,
				71D4F4F61CC95C2900BF0834 /* Assets.xcassets */,
				71D4F4FB1CC95C2900BF0834 /* Info.plist */,
				71D4F4EA1CC95C2900BF0834 /* Supporting Files */,
			);
			path = PennMaps;
			sourceTree = "<group>";
		};
		71D4F4EA1CC95C2900BF0834 /* Supporting Files */ = {
			isa = PBXGroup;
			children = (
				7161EC981CCAED9400FA2877 /* map.geojson */,
				71D4F4EB1CC95C2900BF0834 /* main.m */,
			);
			name = "Supporting Files";
			sourceTree = "<group>";
		};
		71D4F5031CC95C2900BF0834 /* PennMapsTests */ = {
			isa = PBXGroup;
			children = (
				71D4F5041CC95C2900BF0834 /* PennMapsTests.m */,
				71D4F5061CC95C2900BF0834 /* Info.plist */,
			);
			path = PennMapsTests;
			sourceTree = "<group>";
		};
		71D4F50F1CC95C4200BF0834 /* Models */ = {
			isa = PBXGroup;
			children = (
			);
			name = Models;
			sourceTree = "<group>";
		};
		71D4F5101CC95C4800BF0834 /* Views */ = {
			isa = PBXGroup;
			children = (
				71D4F4F31CC95C2900BF0834 /* Main.storyboard */,
				71D4F4F81CC95C2900BF0834 /* LaunchScreen.storyboard */,
			);
			name = Views;
			sourceTree = "<group>";
		};
		71D4F5111CC95C4D00BF0834 /* Controllers */ = {
			isa = PBXGroup;
			children = (
				71D4F4ED1CC95C2900BF0834 /* AppDelegate.h */,
				71D4F4EE1CC95C2900BF0834 /* AppDelegate.m */,
				71D4F4F01CC95C2900BF0834 /* MapViewController.h */,
				71D4F4F11CC95C2900BF0834 /* MapViewController.m */,
			);
			name = Controllers;
			sourceTree = "<group>";
		};
		D844B1852A61A9F83A6E0A18 /* Pods */ = {
			isa = PBXGroup;
			children = (
				FF07CF5DBD2C0742CD597B86 /* Pods-PennMaps.debug.xcconfig */,
				C57285EEC1234AE333D9534B /* Pods-PennMaps.release.xcconfig */,
				D0D693CF4EF21872779D3BDA /* Pods-PennMapsTests.debug.xcconfig */,
				CC2788FC447AE17FF59BF73D /* Pods-PennMapsTests.release.xcconfig */,
			);
			name = Pods;
			sourceTree = "<group>";
		};
/* End PBXGroup section */

/* Begin PBXNativeTarget section */
		71D4F4E61CC95C2900BF0834 /* PennMaps */ = {
			isa = PBXNativeTarget;
			buildConfigurationList = 71D4F5091CC95C2900BF0834 /* Build configuration list for PBXNativeTarget "PennMaps" */;
			buildPhases = (
				16E72796967DB3CAA087D319 /* 📦 Check Pods Manifest.lock */,
				71D4F4E31CC95C2900BF0834 /* Sources */,
				71D4F4E41CC95C2900BF0834 /* Frameworks */,
				71D4F4E51CC95C2900BF0834 /* Resources */,
				CB0478FA6B05FC5745375EE3 /* 📦 Embed Pods Frameworks */,
				FB5C3CC137DF137FF9D86D5A /* 📦 Copy Pods Resources */,
			);
			buildRules = (
			);
			dependencies = (
			);
			name = PennMaps;
			productName = PennMaps;
			productReference = 71D4F4E71CC95C2900BF0834 /* PennMaps.app */;
			productType = "com.apple.product-type.application";
		};
		71D4F4FF1CC95C2900BF0834 /* PennMapsTests */ = {
			isa = PBXNativeTarget;
			buildConfigurationList = 71D4F50C1CC95C2900BF0834 /* Build configuration list for PBXNativeTarget "PennMapsTests" */;
			buildPhases = (
				CEFC4E0264AFEFCC3E4A1FF9 /* 📦 Check Pods Manifest.lock */,
				71D4F4FC1CC95C2900BF0834 /* Sources */,
				71D4F4FD1CC95C2900BF0834 /* Frameworks */,
				71D4F4FE1CC95C2900BF0834 /* Resources */,
				5D2882E9105B1675BE0B15BC /* 📦 Embed Pods Frameworks */,
				E573E30DC0B32A5D592618D7 /* 📦 Copy Pods Resources */,
			);
			buildRules = (
			);
			dependencies = (
				71D4F5021CC95C2900BF0834 /* PBXTargetDependency */,
			);
			name = PennMapsTests;
			productName = PennMapsTests;
			productReference = 71D4F5001CC95C2900BF0834 /* PennMapsTests.xctest */;
			productType = "com.apple.product-type.bundle.unit-test";
		};
/* End PBXNativeTarget section */

/* Begin PBXProject section */
		71D4F4DF1CC95C2900BF0834 /* Project object */ = {
			isa = PBXProject;
			attributes = {
				LastUpgradeCheck = 0730;
				ORGANIZATIONNAME = "University of Pennsylvania";
				TargetAttributes = {
					71D4F4E61CC95C2900BF0834 = {
						CreatedOnToolsVersion = 7.3;
						DevelopmentTeam = N4963EZCDT;
					};
					71D4F4FF1CC95C2900BF0834 = {
						CreatedOnToolsVersion = 7.3;
						TestTargetID = 71D4F4E61CC95C2900BF0834;
					};
				};
			};
			buildConfigurationList = 71D4F4E21CC95C2900BF0834 /* Build configuration list for PBXProject "PennMaps" */;
			compatibilityVersion = "Xcode 3.2";
			developmentRegion = English;
			hasScannedForEncodings = 0;
			knownRegions = (
				en,
				Base,
			);
			mainGroup = 71D4F4DE1CC95C2900BF0834;
			productRefGroup = 71D4F4E81CC95C2900BF0834 /* Products */;
			projectDirPath = "";
			projectRoot = "";
			targets = (
				71D4F4E61CC95C2900BF0834 /* PennMaps */,
				71D4F4FF1CC95C2900BF0834 /* PennMapsTests */,
			);
		};
/* End PBXProject section */

/* Begin PBXResourcesBuildPhase section */
		71D4F4E51CC95C2900BF0834 /* Resources */ = {
			isa = PBXResourcesBuildPhase;
			buildActionMask = 2147483647;
			files = (
				7161EC991CCAED9400FA2877 /* map.geojson in Resources */,
				71D4F4FA1CC95C2900BF0834 /* LaunchScreen.storyboard in Resources */,
				71D4F4F71CC95C2900BF0834 /* Assets.xcassets in Resources */,
				71D4F4F51CC95C2900BF0834 /* Main.storyboard in Resources */,
			);
			runOnlyForDeploymentPostprocessing = 0;
		};
		71D4F4FE1CC95C2900BF0834 /* Resources */ = {
			isa = PBXResourcesBuildPhase;
			buildActionMask = 2147483647;
			files = (
			);
			runOnlyForDeploymentPostprocessing = 0;
		};
/* End PBXResourcesBuildPhase section */

/* Begin PBXShellScriptBuildPhase section */
		16E72796967DB3CAA087D319 /* 📦 Check Pods Manifest.lock */ = {
			isa = PBXShellScriptBuildPhase;
			buildActionMask = 2147483647;
			files = (
			);
			inputPaths = (
			);
			name = "📦 Check Pods Manifest.lock";
			outputPaths = (
			);
			runOnlyForDeploymentPostprocessing = 0;
			shellPath = /bin/sh;
			shellScript = "diff \"${PODS_ROOT}/../Podfile.lock\" \"${PODS_ROOT}/Manifest.lock\" > /dev/null\nif [[ $? != 0 ]] ; then\n    cat << EOM\nerror: The sandbox is not in sync with the Podfile.lock. Run 'pod install' or update your CocoaPods installation.\nEOM\n    exit 1\nfi\n";
			showEnvVarsInLog = 0;
		};
		5D2882E9105B1675BE0B15BC /* 📦 Embed Pods Frameworks */ = {
			isa = PBXShellScriptBuildPhase;
			buildActionMask = 2147483647;
			files = (
			);
			inputPaths = (
			);
			name = "📦 Embed Pods Frameworks";
			outputPaths = (
			);
			runOnlyForDeploymentPostprocessing = 0;
			shellPath = /bin/sh;
			shellScript = "\"${SRCROOT}/Pods/Target Support Files/Pods-PennMapsTests/Pods-PennMapsTests-frameworks.sh\"\n";
			showEnvVarsInLog = 0;
		};
		CB0478FA6B05FC5745375EE3 /* 📦 Embed Pods Frameworks */ = {
			isa = PBXShellScriptBuildPhase;
			buildActionMask = 2147483647;
			files = (
			);
			inputPaths = (
			);
			name = "📦 Embed Pods Frameworks";
			outputPaths = (
			);
			runOnlyForDeploymentPostprocessing = 0;
			shellPath = /bin/sh;
			shellScript = "\"${SRCROOT}/Pods/Target Support Files/Pods-PennMaps/Pods-PennMaps-frameworks.sh\"\n";
			showEnvVarsInLog = 0;
		};
		CEFC4E0264AFEFCC3E4A1FF9 /* 📦 Check Pods Manifest.lock */ = {
			isa = PBXShellScriptBuildPhase;
			buildActionMask = 2147483647;
			files = (
			);
			inputPaths = (
			);
			name = "📦 Check Pods Manifest.lock";
			outputPaths = (
			);
			runOnlyForDeploymentPostprocessing = 0;
			shellPath = /bin/sh;
			shellScript = "diff \"${PODS_ROOT}/../Podfile.lock\" \"${PODS_ROOT}/Manifest.lock\" > /dev/null\nif [[ $? != 0 ]] ; then\n    cat << EOM\nerror: The sandbox is not in sync with the Podfile.lock. Run 'pod install' or update your CocoaPods installation.\nEOM\n    exit 1\nfi\n";
			showEnvVarsInLog = 0;
		};
		E573E30DC0B32A5D592618D7 /* 📦 Copy Pods Resources */ = {
			isa = PBXShellScriptBuildPhase;
			buildActionMask = 2147483647;
			files = (
			);
			inputPaths = (
			);
			name = "📦 Copy Pods Resources";
			outputPaths = (
			);
			runOnlyForDeploymentPostprocessing = 0;
			shellPath = /bin/sh;
			shellScript = "\"${SRCROOT}/Pods/Target Support Files/Pods-PennMapsTests/Pods-PennMapsTests-resources.sh\"\n";
			showEnvVarsInLog = 0;
		};
		FB5C3CC137DF137FF9D86D5A /* 📦 Copy Pods Resources */ = {
			isa = PBXShellScriptBuildPhase;
			buildActionMask = 2147483647;
			files = (
			);
			inputPaths = (
			);
			name = "📦 Copy Pods Resources";
			outputPaths = (
			);
			runOnlyForDeploymentPostprocessing = 0;
			shellPath = /bin/sh;
			shellScript = "\"${SRCROOT}/Pods/Target Support Files/Pods-PennMaps/Pods-PennMaps-resources.sh\"\n";
			showEnvVarsInLog = 0;
		};
/* End PBXShellScriptBuildPhase section */

/* Begin PBXSourcesBuildPhase section */
		71D4F4E31CC95C2900BF0834 /* Sources */ = {
			isa = PBXSourcesBuildPhase;
			buildActionMask = 2147483647;
			files = (
				71D4F4F21CC95C2900BF0834 /* MapViewController.m in Sources */,
				71D4F4EF1CC95C2900BF0834 /* AppDelegate.m in Sources */,
				71D4F4EC1CC95C2900BF0834 /* main.m in Sources */,
			);
			runOnlyForDeploymentPostprocessing = 0;
		};
		71D4F4FC1CC95C2900BF0834 /* Sources */ = {
			isa = PBXSourcesBuildPhase;
			buildActionMask = 2147483647;
			files = (
				71D4F5051CC95C2900BF0834 /* PennMapsTests.m in Sources */,
			);
			runOnlyForDeploymentPostprocessing = 0;
		};
/* End PBXSourcesBuildPhase section */

/* Begin PBXTargetDependency section */
		71D4F5021CC95C2900BF0834 /* PBXTargetDependency */ = {
			isa = PBXTargetDependency;
			target = 71D4F4E61CC95C2900BF0834 /* PennMaps */;
			targetProxy = 71D4F5011CC95C2900BF0834 /* PBXContainerItemProxy */;
		};
/* End PBXTargetDependency section */

/* Begin PBXVariantGroup section */
		71D4F4F31CC95C2900BF0834 /* Main.storyboard */ = {
			isa = PBXVariantGroup;
			children = (
				71D4F4F41CC95C2900BF0834 /* Base */,
			);
			name = Main.storyboard;
			sourceTree = "<group>";
		};
		71D4F4F81CC95C2900BF0834 /* LaunchScreen.storyboard */ = {
			isa = PBXVariantGroup;
			children = (
				71D4F4F91CC95C2900BF0834 /* Base */,
			);
			name = LaunchScreen.storyboard;
			sourceTree = "<group>";
		};
/* End PBXVariantGroup section */

/* Begin XCBuildConfiguration section */
		71D4F5071CC95C2900BF0834 /* Debug */ = {
			isa = XCBuildConfiguration;
			buildSettings = {
				ALWAYS_SEARCH_USER_PATHS = NO;
				CLANG_ANALYZER_NONNULL = YES;
				CLANG_CXX_LANGUAGE_STANDARD = "gnu++0x";
				CLANG_CXX_LIBRARY = "libc++";
				CLANG_ENABLE_MODULES = YES;
				CLANG_ENABLE_OBJC_ARC = YES;
				CLANG_WARN_BOOL_CONVERSION = YES;
				CLANG_WARN_CONSTANT_CONVERSION = YES;
				CLANG_WARN_DIRECT_OBJC_ISA_USAGE = YES_ERROR;
				CLANG_WARN_EMPTY_BODY = YES;
				CLANG_WARN_ENUM_CONVERSION = YES;
				CLANG_WARN_INT_CONVERSION = YES;
				CLANG_WARN_OBJC_ROOT_CLASS = YES_ERROR;
				CLANG_WARN_UNREACHABLE_CODE = YES;
				CLANG_WARN__DUPLICATE_METHOD_MATCH = YES;
				"CODE_SIGN_IDENTITY[sdk=iphoneos*]" = "iPhone Developer";
				COPY_PHASE_STRIP = NO;
				DEBUG_INFORMATION_FORMAT = dwarf;
				ENABLE_STRICT_OBJC_MSGSEND = YES;
				ENABLE_TESTABILITY = YES;
				GCC_C_LANGUAGE_STANDARD = gnu99;
				GCC_DYNAMIC_NO_PIC = NO;
				GCC_NO_COMMON_BLOCKS = YES;
				GCC_OPTIMIZATION_LEVEL = 0;
				GCC_PREPROCESSOR_DEFINITIONS = (
					"DEBUG=1",
					"$(inherited)",
				);
				GCC_WARN_64_TO_32_BIT_CONVERSION = YES;
				GCC_WARN_ABOUT_RETURN_TYPE = YES_ERROR;
				GCC_WARN_UNDECLARED_SELECTOR = YES;
				GCC_WARN_UNINITIALIZED_AUTOS = YES_AGGRESSIVE;
				GCC_WARN_UNUSED_FUNCTION = YES;
				GCC_WARN_UNUSED_VARIABLE = YES;
				IPHONEOS_DEPLOYMENT_TARGET = 9.3;
				MTL_ENABLE_DEBUG_INFO = YES;
				ONLY_ACTIVE_ARCH = YES;
				SDKROOT = iphoneos;
			};
			name = Debug;
		};
		71D4F5081CC95C2900BF0834 /* Release */ = {
			isa = XCBuildConfiguration;
			buildSettings = {
				ALWAYS_SEARCH_USER_PATHS = NO;
				CLANG_ANALYZER_NONNULL = YES;
				CLANG_CXX_LANGUAGE_STANDARD = "gnu++0x";
				CLANG_CXX_LIBRARY = "libc++";
				CLANG_ENABLE_MODULES = YES;
				CLANG_ENABLE_OBJC_ARC = YES;
				CLANG_WARN_BOOL_CONVERSION = YES;
				CLANG_WARN_CONSTANT_CONVERSION = YES;
				CLANG_WARN_DIRECT_OBJC_ISA_USAGE = YES_ERROR;
				CLANG_WARN_EMPTY_BODY = YES;
				CLANG_WARN_ENUM_CONVERSION = YES;
				CLANG_WARN_INT_CONVERSION = YES;
				CLANG_WARN_OBJC_ROOT_CLASS = YES_ERROR;
				CLANG_WARN_UNREACHABLE_CODE = YES;
				CLANG_WARN__DUPLICATE_METHOD_MATCH = YES;
				"CODE_SIGN_IDENTITY[sdk=iphoneos*]" = "iPhone Developer";
				COPY_PHASE_STRIP = NO;
				DEBUG_INFORMATION_FORMAT = "dwarf-with-dsym";
				ENABLE_NS_ASSERTIONS = NO;
				ENABLE_STRICT_OBJC_MSGSEND = YES;
				GCC_C_LANGUAGE_STANDARD = gnu99;
				GCC_NO_COMMON_BLOCKS = YES;
				GCC_WARN_64_TO_32_BIT_CONVERSION = YES;
				GCC_WARN_ABOUT_RETURN_TYPE = YES_ERROR;
				GCC_WARN_UNDECLARED_SELECTOR = YES;
				GCC_WARN_UNINITIALIZED_AUTOS = YES_AGGRESSIVE;
				GCC_WARN_UNUSED_FUNCTION = YES;
				GCC_WARN_UNUSED_VARIABLE = YES;
				IPHONEOS_DEPLOYMENT_TARGET = 9.3;
				MTL_ENABLE_DEBUG_INFO = NO;
				SDKROOT = iphoneos;
				VALIDATE_PRODUCT = YES;
			};
			name = Release;
		};
		71D4F50A1CC95C2900BF0834 /* Debug */ = {
			isa = XCBuildConfiguration;
			baseConfigurationReference = FF07CF5DBD2C0742CD597B86 /* Pods-PennMaps.debug.xcconfig */;
			buildSettings = {
				ASSETCATALOG_COMPILER_APPICON_NAME = AppIcon;
				CODE_SIGN_IDENTITY = "iPhone Developer";
				INFOPLIST_FILE = PennMaps/Info.plist;
				IPHONEOS_DEPLOYMENT_TARGET = 9.0;
				LD_RUNPATH_SEARCH_PATHS = "$(inherited) @executable_path/Frameworks";
				PRODUCT_BUNDLE_IDENTIFIER = edu.upenn.seas.cis195.PennMaps;
				PRODUCT_NAME = "$(TARGET_NAME)";
			};
			name = Debug;
		};
		71D4F50B1CC95C2900BF0834 /* Release */ = {
			isa = XCBuildConfiguration;
			baseConfigurationReference = C57285EEC1234AE333D9534B /* Pods-PennMaps.release.xcconfig */;
			buildSettings = {
				ASSETCATALOG_COMPILER_APPICON_NAME = AppIcon;
				CODE_SIGN_IDENTITY = "iPhone Developer";
				INFOPLIST_FILE = PennMaps/Info.plist;
				IPHONEOS_DEPLOYMENT_TARGET = 9.0;
				LD_RUNPATH_SEARCH_PATHS = "$(inherited) @executable_path/Frameworks";
				PRODUCT_BUNDLE_IDENTIFIER = edu.upenn.seas.cis195.PennMaps;
				PRODUCT_NAME = "$(TARGET_NAME)";
			};
			name = Release;
		};
		71D4F50D1CC95C2900BF0834 /* Debug */ = {
			isa = XCBuildConfiguration;
			baseConfigurationReference = D0D693CF4EF21872779D3BDA /* Pods-PennMapsTests.debug.xcconfig */;
			buildSettings = {
				BUNDLE_LOADER = "$(TEST_HOST)";
				INFOPLIST_FILE = PennMapsTests/Info.plist;
				LD_RUNPATH_SEARCH_PATHS = "$(inherited) @executable_path/Frameworks @loader_path/Frameworks";
				PRODUCT_BUNDLE_IDENTIFIER = edu.upenn.seas.cis195.PennMapsTests;
				PRODUCT_NAME = "$(TARGET_NAME)";
				TEST_HOST = "$(BUILT_PRODUCTS_DIR)/PennMaps.app/PennMaps";
			};
			name = Debug;
		};
		71D4F50E1CC95C2900BF0834 /* Release */ = {
			isa = XCBuildConfiguration;
			baseConfigurationReference = CC2788FC447AE17FF59BF73D /* Pods-PennMapsTests.release.xcconfig */;
			buildSettings = {
				BUNDLE_LOADER = "$(TEST_HOST)";
				INFOPLIST_FILE = PennMapsTests/Info.plist;
				LD_RUNPATH_SEARCH_PATHS = "$(inherited) @executable_path/Frameworks @loader_path/Frameworks";
				PRODUCT_BUNDLE_IDENTIFIER = edu.upenn.seas.cis195.PennMapsTests;
				PRODUCT_NAME = "$(TARGET_NAME)";
				TEST_HOST = "$(BUILT_PRODUCTS_DIR)/PennMaps.app/PennMaps";
			};
			name = Release;
		};
/* End XCBuildConfiguration section */

/* Begin XCConfigurationList section */
		71D4F4E21CC95C2900BF0834 /* Build configuration list for PBXProject "PennMaps" */ = {
			isa = XCConfigurationList;
			buildConfigurations = (
				71D4F5071CC95C2900BF0834 /* Debug */,
				71D4F5081CC95C2900BF0834 /* Release */,
			);
			defaultConfigurationIsVisible = 0;
			defaultConfigurationName = Release;
		};
		71D4F5091CC95C2900BF0834 /* Build configuration list for PBXNativeTarget "PennMaps" */ = {
			isa = XCConfigurationList;
			buildConfigurations = (
				71D4F50A1CC95C2900BF0834 /* Debug */,
				71D4F50B1CC95C2900BF0834 /* Release */,
			);
			defaultConfigurationIsVisible = 0;
			defaultConfigurationName = Release;
		};
		71D4F50C1CC95C2900BF0834 /* Build configuration list for PBXNativeTarget "PennMapsTests" */ = {
			isa = XCConfigurationList;
			buildConfigurations = (
				71D4F50D1CC95C2900BF0834 /* Debug */,
				71D4F50E1CC95C2900BF0834 /* Release */,
			);
			defaultConfigurationIsVisible = 0;
			defaultConfigurationName = Release;
		};
/* End XCConfigurationList section */
	};
	rootObject = 71D4F4DF1CC95C2900BF0834 /* Project object */;
}
